# This file is automatically @generated by Cargo.
# It is not intended for manual editing.
[[package]]
name = "blog"
version = "0.1.0"

[[package]]
name = "chap15_smart_pointer"
version = "0.1.0"

[[package]]
name = "chap16_concurrency"
version = "0.1.0"

[[package]]
name = "chap17_oop"
version = "0.1.0"

[[package]]
name = "chap18_pattern"
version = "0.1.0"

[[package]]
name = "chap19_advanced"
version = "0.1.0"

[[package]]
name = "chap20_webserver"
version = "0.1.0"

[[package]]
name = "main_tutor"
version = "0.1.0"
dependencies = [
 "blog 0.1.0",
 "chap15_smart_pointer 0.1.0",
 "chap16_concurrency 0.1.0",
 "chap17_oop 0.1.0",
 "chap18_pattern 0.1.0",
 "chap19_advanced 0.1.0",
 "chap20_webserver 0.1.0",
]

